
Microsoft Visual Studio Solution File, Format Version 12.00
# Visual Studio Version 16
VisualStudioVersion = 16.0.31129.286
MinimumVisualStudioVersion = 10.0.40219.1
Project("{FAE04EC0-301F-11D3-BF4B-00C04F79EFBC}") = "HachickoProductive", "HachickoProductive.csproj", "{5A323E9F-ECC2-4AAE-8975-B6393960492E}"
EndProject
Global
	GlobalSection(SolutionConfigurationPlatforms) = preSolution
		Debug|Any CPU = Debug|Any CPU
		Release|Any CPU = Release|Any CPU
	EndGlobalSection
	GlobalSection(ProjectConfigurationPlatforms) = postSolution
		{5A323E9F-ECC2-4AAE-8975-B6393960492E}.Debug|Any CPU.ActiveCfg = Debug|Any CPU
		{5A323E9F-ECC2-4AAE-8975-B6393960492E}.Debug|Any CPU.Build.0 = Debug|Any CPU
		{5A323E9F-ECC2-4AAE-8975-B6393960492E}.Release|Any CPU.ActiveCfg = Release|Any CPU
		{5A323E9F-ECC2-4AAE-8975-B6393960492E}.Release|Any CPU.Build.0 = Release|Any CPU
	EndGlobalSection
	GlobalSection(SolutionProperties) = preSolution
		HideSolutionNode = FALSE
	EndGlobalSection
	GlobalSection(ExtensibilityGlobals) = postSolution
		SolutionGuid = {08AFF73D-88E3-46C2-8D5C-5103E896468A}
	EndGlobalSection
EndGlobal
